
Microsoft Visual Studio Solution File, Format Version 12.00
# Visual Studio 15
VisualStudioVersion = 15.0.27130.2027
MinimumVisualStudioVersion = 10.0.40219.1
Project("{FAE04EC0-301F-11D3-BF4B-00C04F79EFBC}") = "HelloWorld", "HelloWorld\HelloWorld.csproj", "{9895224D-CE98-4C64-99F0-7962A782ABFB}"
EndProject
Project("{FAE04EC0-301F-11D3-BF4B-00C04F79EFBC}") = "Decisions", "..\Decisions\Decisions\Decisions.csproj", "{ADB2B37A-DD49-4058-BB23-35363B2BC13A}"
EndProject
Project("{FAE04EC0-301F-11D3-BF4B-00C04F79EFBC}") = "Example", "..\Example\Example\Example.csproj", "{96761A54-AD4F-4FC1-AD6D-A12C07C74B58}"
EndProject
Project("{FAE04EC0-301F-11D3-BF4B-00C04F79EFBC}") = "ForIteration", "..\ForIteration\ForIteration\ForIteration.csproj", "{583295C5-462D-41BD-AFC2-2232D47BF539}"
EndProject
Project("{FAE04EC0-301F-11D3-BF4B-00C04F79EFBC}") = "HelperMethods", "..\HelperMethods\HelperMethods\HelperMethods.csproj", "{906D6F0F-4EEE-4CDB-B327-7CBA33BAF804}"
EndProject
Project("{FAE04EC0-301F-11D3-BF4B-00C04F79EFBC}") = "OperatorsExpressionsStatements", "..\OperatorsExpressionsStatements\OperatorsExpressionsStatements\OperatorsExpressionsStatements.csproj", "{0CF3D5CB-5717-4C44-BC66-EED40387A38B}"
EndProject
Project("{FAE04EC0-301F-11D3-BF4B-00C04F79EFBC}") = "UnderstandingArrays", "..\UnderstandingArrays\UnderstandingArrays\UnderstandingArrays.csproj", "{A3DAE3A7-B9E2-476F-9E32-35B1912A640F}"
EndProject
Project("{FAE04EC0-301F-11D3-BF4B-00C04F79EFBC}") = "Variables", "..\Variables\Variables\Variables.csproj", "{7E58E7FF-0D03-439E-9513-17CF9A8E4303}"
EndProject
Project("{FAE04EC0-301F-11D3-BF4B-00C04F79EFBC}") = "WhileIteration", "..\WhileIteration\WhileIteration\WhileIteration.csproj", "{A65F63DD-C392-4A93-BB5D-0E630CB42F20}"
EndProject
Project("{FAE04EC0-301F-11D3-BF4B-00C04F79EFBC}") = "WorkingWithStrings", "..\WorkingWithStrings\WorkingWithStrings\WorkingWithStrings.csproj", "{D38ECE71-4C14-4482-8CC3-6BCD56799C75}"
EndProject
Global
	GlobalSection(SolutionConfigurationPlatforms) = preSolution
		Debug|Any CPU = Debug|Any CPU
		Release|Any CPU = Release|Any CPU
	EndGlobalSection
	GlobalSection(ProjectConfigurationPlatforms) = postSolution
		{9895224D-CE98-4C64-99F0-7962A782ABFB}.Debug|Any CPU.ActiveCfg = Debug|Any CPU
		{9895224D-CE98-4C64-99F0-7962A782ABFB}.Debug|Any CPU.Build.0 = Debug|Any CPU
		{9895224D-CE98-4C64-99F0-7962A782ABFB}.Release|Any CPU.ActiveCfg = Release|Any CPU
		{9895224D-CE98-4C64-99F0-7962A782ABFB}.Release|Any CPU.Build.0 = Release|Any CPU
		{ADB2B37A-DD49-4058-BB23-35363B2BC13A}.Debug|Any CPU.ActiveCfg = Debug|Any CPU
		{ADB2B37A-DD49-4058-BB23-35363B2BC13A}.Debug|Any CPU.Build.0 = Debug|Any CPU
		{ADB2B37A-DD49-4058-BB23-35363B2BC13A}.Release|Any CPU.ActiveCfg = Release|Any CPU
		{ADB2B37A-DD49-4058-BB23-35363B2BC13A}.Release|Any CPU.Build.0 = Release|Any CPU
		{96761A54-AD4F-4FC1-AD6D-A12C07C74B58}.Debug|Any CPU.ActiveCfg = Debug|Any CPU
		{96761A54-AD4F-4FC1-AD6D-A12C07C74B58}.Debug|Any CPU.Build.0 = Debug|Any CPU
		{96761A54-AD4F-4FC1-AD6D-A12C07C74B58}.Release|Any CPU.ActiveCfg = Release|Any CPU
		{96761A54-AD4F-4FC1-AD6D-A12C07C74B58}.Release|Any CPU.Build.0 = Release|Any CPU
		{583295C5-462D-41BD-AFC2-2232D47BF539}.Debug|Any CPU.ActiveCfg = Debug|Any CPU
		{583295C5-462D-41BD-AFC2-2232D47BF539}.Debug|Any CPU.Build.0 = Debug|Any CPU
		{583295C5-462D-41BD-AFC2-2232D47BF539}.Release|Any CPU.ActiveCfg = Release|Any CPU
		{583295C5-462D-41BD-AFC2-2232D47BF539}.Release|Any CPU.Build.0 = Release|Any CPU
		{906D6F0F-4EEE-4CDB-B327-7CBA33BAF804}.Debug|Any CPU.ActiveCfg = Debug|Any CPU
		{906D6F0F-4EEE-4CDB-B327-7CBA33BAF804}.Debug|Any CPU.Build.0 = Debug|Any CPU
		{906D6F0F-4EEE-4CDB-B327-7CBA33BAF804}.Release|Any CPU.ActiveCfg = Release|Any CPU
		{906D6F0F-4EEE-4CDB-B327-7CBA33BAF804}.Release|Any CPU.Build.0 = Release|Any CPU
		{0CF3D5CB-5717-4C44-BC66-EED40387A38B}.Debug|Any CPU.ActiveCfg = Debug|Any CPU
		{0CF3D5CB-5717-4C44-BC66-EED40387A38B}.Debug|Any CPU.Build.0 = Debug|Any CPU
		{0CF3D5CB-5717-4C44-BC66-EED40387A38B}.Release|Any CPU.ActiveCfg = Release|Any CPU
		{0CF3D5CB-5717-4C44-BC66-EED40387A38B}.Release|Any CPU.Build.0 = Release|Any CPU
		{A3DAE3A7-B9E2-476F-9E32-35B1912A640F}.Debug|Any CPU.ActiveCfg = Debug|Any CPU
		{A3DAE3A7-B9E2-476F-9E32-35B1912A640F}.Debug|Any CPU.Build.0 = Debug|Any CPU
		{A3DAE3A7-B9E2-476F-9E32-35B1912A640F}.Release|Any CPU.ActiveCfg = Release|Any CPU
		{A3DAE3A7-B9E2-476F-9E32-35B1912A640F}.Release|Any CPU.Build.0 = Release|Any CPU
		{7E58E7FF-0D03-439E-9513-17CF9A8E4303}.Debug|Any CPU.ActiveCfg = Debug|Any CPU
		{7E58E7FF-0D03-439E-9513-17CF9A8E4303}.Debug|Any CPU.Build.0 = Debug|Any CPU
		{7E58E7FF-0D03-439E-9513-17CF9A8E4303}.Release|Any CPU.ActiveCfg = Release|Any CPU
		{7E58E7FF-0D03-439E-9513-17CF9A8E4303}.Release|Any CPU.Build.0 = Release|Any CPU
		{A65F63DD-C392-4A93-BB5D-0E630CB42F20}.Debug|Any CPU.ActiveCfg = Debug|Any CPU
		{A65F63DD-C392-4A93-BB5D-0E630CB42F20}.Debug|Any CPU.Build.0 = Debug|Any CPU
		{A65F63DD-C392-4A93-BB5D-0E630CB42F20}.Release|Any CPU.ActiveCfg = Release|Any CPU
		{A65F63DD-C392-4A93-BB5D-0E630CB42F20}.Release|Any CPU.Build.0 = Release|Any CPU
		{D38ECE71-4C14-4482-8CC3-6BCD56799C75}.Debug|Any CPU.ActiveCfg = Debug|Any CPU
		{D38ECE71-4C14-4482-8CC3-6BCD56799C75}.Debug|Any CPU.Build.0 = Debug|Any CPU
		{D38ECE71-4C14-4482-8CC3-6BCD56799C75}.Release|Any CPU.ActiveCfg = Release|Any CPU
		{D38ECE71-4C14-4482-8CC3-6BCD56799C75}.Release|Any CPU.Build.0 = Release|Any CPU
	EndGlobalSection
	GlobalSection(SolutionProperties) = preSolution
		HideSolutionNode = FALSE
	EndGlobalSection
	GlobalSection(ExtensibilityGlobals) = postSolution
		SolutionGuid = {128D0A47-DBAE-4C55-A1B6-398AD5A5FA5C}
	EndGlobalSection
EndGlobal
